#
# This file is autogenerated by pip-compile with Python 3.12
# by the following command:
#
#    pip-compile --extra=worker --no-index --output-file=requirements-worker.lock --strip-extras pyproject.toml
#
alembic==1.20.0
    # via gigaam-api (pyproject.toml)
annotated-doc==0.0.5
    # via fastapi
annotated-types==0.8.0
    # via pydantic
anyio==4.15.1
    # via
    #   httpx
    #   starlette
certifi==2026.7.22
    # via
    #   httpcore
    #   httpx
click==8.5.0
    # via
    #   huggingface-hub
    #   uvicorn
fastapi==0.141.1
    # via gigaam-api (pyproject.toml)
filelock==4.0.0
    # via huggingface-hub
flatbuffers==25.12.19
    # via onnxruntime
fsspec==2026.7.0
    # via huggingface-hub
h11==0.16.0
    # via
    #   httpcore
    #   uvicorn
hf-xet==1.6.0
    # via huggingface-hub
httpcore==1.0.9
    # via httpx
httpx==0.28.1
    # via
    #   gigaam-api (pyproject.toml)
    #   huggingface-hub
huggingface-hub==1.32.0
    # via onnx-asr
idna==3.20
    # via
    #   anyio
    #   httpx
mako==1.4.1
    # via alembic
markupsafe==3.0.3
    # via mako
numpy==2.5.3
    # via
    #   onnx-asr
    #   onnxruntime
onnx-asr==0.12.0
    # via gigaam-api (pyproject.toml)
onnxruntime==1.30.0
    # via onnx-asr
packaging==26.3
    # via
    #   huggingface-hub
    #   onnxruntime
protobuf==7.36.2
    # via onnxruntime
psycopg==3.3.6
    # via gigaam-api (pyproject.toml)
psycopg-binary==3.3.6
    # via psycopg
pydantic==2.13.5
    # via fastapi
pydantic-core==2.46.5
    # via pydantic
python-multipart==0.0.32
    # via gigaam-api (pyproject.toml)
pyyaml==6.0.3
    # via huggingface-hub
sqlalchemy==2.0.54
    # via
    #   alembic
    #   gigaam-api (pyproject.toml)
starlette==1.6.0
    # via fastapi
tqdm==4.70.1
    # via huggingface-hub
typing-extensions==4.16.0
    # via
    #   alembic
    #   anyio
    #   fastapi
    #   huggingface-hub
    #   psycopg
    #   pydantic
    #   pydantic-core
    #   sqlalchemy
    #   starlette
    #   typing-inspection
typing-inspection==0.4.4
    # via
    #   fastapi
    #   pydantic
uvicorn==0.53.0
    # via gigaam-api (pyproject.toml)
